
Microsoft Visual Studio Solution File, Format Version 12.00
# Visual Studio 15
VisualStudioVersion = 15.0.28307.1209
MinimumVisualStudioVersion = 10.0.40219.1
Project("{FAE04EC0-301F-11D3-BF4B-00C04F79EFBC}") = "MordhauBatchPak", "MordhauBatchPak\MordhauBatchPak.csproj", "{4528659F-B913-44DF-8269-ED5A1440391F}"
EndProject
Global
	GlobalSection(SolutionConfigurationPlatforms) = preSolution
		Debug|Any CPU = Debug|Any CPU
		Release|Any CPU = Release|Any CPU
	EndGlobalSection
	GlobalSection(ProjectConfigurationPlatforms) = postSolution
		{4528659F-B913-44DF-8269-ED5A1440391F}.Debug|Any CPU.ActiveCfg = Debug|Any CPU
		{4528659F-B913-44DF-8269-ED5A1440391F}.Debug|Any CPU.Build.0 = Debug|Any CPU
		{4528659F-B913-44DF-8269-ED5A1440391F}.Release|Any CPU.ActiveCfg = Release|Any CPU
		{4528659F-B913-44DF-8269-ED5A1440391F}.Release|Any CPU.Build.0 = Release|Any CPU
	EndGlobalSection
	GlobalSection(SolutionProperties) = preSolution
		HideSolutionNode = FALSE
	EndGlobalSection
	GlobalSection(ExtensibilityGlobals) = postSolution
		SolutionGuid = {E6455AC6-2520-4EF9-8F5C-9AE0C783B333}
	EndGlobalSection
EndGlobal
